
Microsoft Visual Studio Solution File, Format Version 12.00
# Visual Studio Version 17
VisualStudioVersion = 17.0.31919.166
MinimumVisualStudioVersion = 10.0.40219.1
Project("{FAE04EC0-301F-11D3-BF4B-00C04F79EFBC}") = "ImageZipping", "ImageZipping.csproj", "{FE1122F8-9AC7-4AB1-A08E-2ED7D1962C02}"
EndProject
Global
	GlobalSection(SolutionConfigurationPlatforms) = preSolution
		Debug|Any CPU = Debug|Any CPU
		Release|Any CPU = Release|Any CPU
	EndGlobalSection
	GlobalSection(ProjectConfigurationPlatforms) = postSolution
		{FE1122F8-9AC7-4AB1-A08E-2ED7D1962C02}.Debug|Any CPU.ActiveCfg = Debug|Any CPU
		{FE1122F8-9AC7-4AB1-A08E-2ED7D1962C02}.Debug|Any CPU.Build.0 = Debug|Any CPU
		{FE1122F8-9AC7-4AB1-A08E-2ED7D1962C02}.Release|Any CPU.ActiveCfg = Release|Any CPU
		{FE1122F8-9AC7-4AB1-A08E-2ED7D1962C02}.Release|Any CPU.Build.0 = Release|Any CPU
	EndGlobalSection
	GlobalSection(SolutionProperties) = preSolution
		HideSolutionNode = FALSE
	EndGlobalSection
	GlobalSection(ExtensibilityGlobals) = postSolution
		SolutionGuid = {CB353F27-F6F9-4089-ABB8-1F68A47DF15D}
	EndGlobalSection
EndGlobal
